
Microsoft Visual Studio Solution File, Format Version 12.00
# Visual Studio Version 17
VisualStudioVersion = 17.4.33213.308
MinimumVisualStudioVersion = 10.0.40219.1
Project("{FAE04EC0-301F-11D3-BF4B-00C04F79EFBC}") = "classesLabBrayden748211", "classesLabBrayden748211\classesLabBrayden748211.csproj", "{AC312824-FC84-440E-8DAA-C14BB96AB8D6}"
EndProject
Global
	GlobalSection(SolutionConfigurationPlatforms) = preSolution
		Debug|Any CPU = Debug|Any CPU
		Release|Any CPU = Release|Any CPU
	EndGlobalSection
	GlobalSection(ProjectConfigurationPlatforms) = postSolution
		{AC312824-FC84-440E-8DAA-C14BB96AB8D6}.Debug|Any CPU.ActiveCfg = Debug|Any CPU
		{AC312824-FC84-440E-8DAA-C14BB96AB8D6}.Debug|Any CPU.Build.0 = Debug|Any CPU
		{AC312824-FC84-440E-8DAA-C14BB96AB8D6}.Release|Any CPU.ActiveCfg = Release|Any CPU
		{AC312824-FC84-440E-8DAA-C14BB96AB8D6}.Release|Any CPU.Build.0 = Release|Any CPU
	EndGlobalSection
	GlobalSection(SolutionProperties) = preSolution
		HideSolutionNode = FALSE
	EndGlobalSection
	GlobalSection(ExtensibilityGlobals) = postSolution
		SolutionGuid = {CB8F90B3-7282-4A4E-817D-6F4792D808EF}
	EndGlobalSection
EndGlobal
